{
  "name": "audio-fs",
  "version": "1.0.0",
  "lockfileVersion": 1,
  "requires": true,
  "dependencies": {
    "mbr-ajax": {
      "version": "0.1.0",
      "resolved": "https://registry.npmjs.org/mbr-ajax/-/mbr-ajax-0.1.0.tgz",
      "integrity": "sha512-u3tv9vy0NGAwOXq/GK76E4blb5LY6ENUwCLFSpEuyffzCH3Sr0xryWX3pP3YXIV1rjkNIw5/7X3oJ8sJS1SvOQ=="
    },
    "mbr-dom": {
      "version": "0.2.0",
      "resolved": "https://registry.npmjs.org/mbr-dom/-/mbr-dom-0.2.0.tgz",
      "integrity": "sha512-fxcTqC/X4MQDRpFnZ5XAUMhhQwDiHfsrIjc1dJ6CJUiTCTwOQYktDWd1Il/XW747xh5VyLs34D7FUW8Lruf7Sg=="
    },
    "mbr-style": {
      "version": "0.2.0",
      "resolved": "https://registry.npmjs.org/mbr-style/-/mbr-style-0.2.0.tgz",
      "integrity": "sha512-Pf3ei9PR3CJZc7Oe5ACcz/nstgqo980LvlIGHeO0HOHGObzUly2qw0tAtX3XM1B/22eX60NyzfrNkyBLUcieFg=="
    }
  }
}
